
Microsoft Visual Studio Solution File, Format Version 12.00
# Visual Studio Version 17
VisualStudioVersion = 17.8.34330.188
MinimumVisualStudioVersion = 10.0.40219.1
Project("{FAE04EC0-301F-11D3-BF4B-00C04F79EFBC}") = "ToDo-web application", "ToDo-web application\ToDo-web application.csproj", "{24D9A92E-6CD1-4461-90A2-FB34C9491791}"
EndProject
Global
	GlobalSection(SolutionConfigurationPlatforms) = preSolution
		Debug|Any CPU = Debug|Any CPU
		Release|Any CPU = Release|Any CPU
	EndGlobalSection
	GlobalSection(ProjectConfigurationPlatforms) = postSolution
		{24D9A92E-6CD1-4461-90A2-FB34C9491791}.Debug|Any CPU.ActiveCfg = Debug|Any CPU
		{24D9A92E-6CD1-4461-90A2-FB34C9491791}.Debug|Any CPU.Build.0 = Debug|Any CPU
		{24D9A92E-6CD1-4461-90A2-FB34C9491791}.Release|Any CPU.ActiveCfg = Release|Any CPU
		{24D9A92E-6CD1-4461-90A2-FB34C9491791}.Release|Any CPU.Build.0 = Release|Any CPU
	EndGlobalSection
	GlobalSection(SolutionProperties) = preSolution
		HideSolutionNode = FALSE
	EndGlobalSection
	GlobalSection(ExtensibilityGlobals) = postSolution
		SolutionGuid = {9C055C10-FD5F-4060-A2EE-B26F89D50BA4}
	EndGlobalSection
EndGlobal
